// !$*UTF8*$!
{
	archiveVersion = 1;
	classes = {
	};
	objectVersion = 46;
	objects = {

/* Begin PBXBuildFile section */
		202FA4961E9D09CC00CC6523 /* AppDelegate.swift in Sources */ = {isa = PBXBuildFile; fileRef = 202FA4951E9D09CC00CC6523 /* AppDelegate.swift */; };
		202FA4981E9D09CC00CC6523 /* ViewController.swift in Sources */ = {isa = PBXBuildFile; fileRef = 202FA4971E9D09CC00CC6523 /* ViewController.swift */; };
		202FA49B1E9D09CC00CC6523 /* Main.storyboard in Resources */ = {isa = PBXBuildFile; fileRef = 202FA4991E9D09CC00CC6523 /* Main.storyboard */; };
		202FA49D1E9D09CC00CC6523 /* Assets.xcassets in Resources */ = {isa = PBXBuildFile; fileRef = 202FA49C1E9D09CC00CC6523 /* Assets.xcassets */; };
		202FA4A01E9D09CC00CC6523 /* LaunchScreen.storyboard in Resources */ = {isa = PBXBuildFile; fileRef = 202FA49E1E9D09CC00CC6523 /* LaunchScreen.storyboard */; };
		202FA4AB1E9D09CC00CC6523 /* AuthTestTests.swift in Sources */ = {isa = PBXBuildFile; fileRef = 202FA4AA1E9D09CC00CC6523 /* AuthTestTests.swift */; };
		202FA4B71E9D0CA600CC6523 /* AlertShowable.swift in Sources */ = {isa = PBXBuildFile; fileRef = 202FA4B61E9D0CA600CC6523 /* AlertShowable.swift */; };
		202FA4BA1E9D0EF200CC6523 /* SessionModel.swift in Sources */ = {isa = PBXBuildFile; fileRef = 202FA4B91E9D0EF200CC6523 /* SessionModel.swift */; };
		202FA4BC1E9D176000CC6523 /* NetworkRequestable.swift in Sources */ = {isa = PBXBuildFile; fileRef = 202FA4BB1E9D176000CC6523 /* NetworkRequestable.swift */; };
		202FA4BE1E9D1E5500CC6523 /* NetworkError.swift in Sources */ = {isa = PBXBuildFile; fileRef = 202FA4BD1E9D1E5500CC6523 /* NetworkError.swift */; };
		202FA4C11E9D2C7400CC6523 /* MemberListViewController.swift in Sources */ = {isa = PBXBuildFile; fileRef = 202FA4BF1E9D2C7400CC6523 /* MemberListViewController.swift */; };
		202FA4C21E9D2C7400CC6523 /* MemberListViewController.xib in Resources */ = {isa = PBXBuildFile; fileRef = 202FA4C01E9D2C7400CC6523 /* MemberListViewController.xib */; };
		202FA4C41E9D2F8400CC6523 /* Member.swift in Sources */ = {isa = PBXBuildFile; fileRef = 202FA4C31E9D2F8400CC6523 /* Member.swift */; };
/* End PBXBuildFile section */

/* Begin PBXContainerItemProxy section */
		202FA4A71E9D09CC00CC6523 /* PBXContainerItemProxy */ = {
			isa = PBXContainerItemProxy;
			containerPortal = 202FA48A1E9D09CB00CC6523 /* Project object */;
			proxyType = 1;
			remoteGlobalIDString = 202FA4911E9D09CB00CC6523;
			remoteInfo = AuthTest;
		};
/* End PBXContainerItemProxy section */

/* Begin PBXFileReference section */
		202FA4921E9D09CC00CC6523 /* AuthTest.app */ = {isa = PBXFileReference; explicitFileType = wrapper.application; includeInIndex = 0; path = AuthTest.app; sourceTree = BUILT_PRODUCTS_DIR; };
		202FA4951E9D09CC00CC6523 /* AppDelegate.swift */ = {isa = PBXFileReference; lastKnownFileType = sourcecode.swift; path = AppDelegate.swift; sourceTree = "<group>"; };
		202FA4971E9D09CC00CC6523 /* ViewController.swift */ = {isa = PBXFileReference; lastKnownFileType = sourcecode.swift; path = ViewController.swift; sourceTree = "<group>"; };
		202FA49A1E9D09CC00CC6523 /* Base */ = {isa = PBXFileReference; lastKnownFileType = file.storyboard; name = Base; path = Base.lproj/Main.storyboard; sourceTree = "<group>"; };
		202FA49C1E9D09CC00CC6523 /* Assets.xcassets */ = {isa = PBXFileReference; lastKnownFileType = folder.assetcatalog; path = Assets.xcassets; sourceTree = "<group>"; };
		202FA49F1E9D09CC00CC6523 /* Base */ = {isa = PBXFileReference; lastKnownFileType = file.storyboard; name = Base; path = Base.lproj/LaunchScreen.storyboard; sourceTree = "<group>"; };
		202FA4A11E9D09CC00CC6523 /* Info.plist */ = {isa = PBXFileReference; lastKnownFileType = text.plist.xml; path = Info.plist; sourceTree = "<group>"; };
		202FA4A61E9D09CC00CC6523 /* AuthTestTests.xctest */ = {isa = PBXFileReference; explicitFileType = wrapper.cfbundle; includeInIndex = 0; path = AuthTestTests.xctest; sourceTree = BUILT_PRODUCTS_DIR; };
		202FA4AA1E9D09CC00CC6523 /* AuthTestTests.swift */ = {isa = PBXFileReference; lastKnownFileType = sourcecode.swift; path = AuthTestTests.swift; sourceTree = "<group>"; };
		202FA4AC1E9D09CC00CC6523 /* Info.plist */ = {isa = PBXFileReference; lastKnownFileType = text.plist.xml; path = Info.plist; sourceTree = "<group>"; };
		202FA4B61E9D0CA600CC6523 /* AlertShowable.swift */ = {isa = PBXFileReference; fileEncoding = 4; lastKnownFileType = sourcecode.swift; path = AlertShowable.swift; sourceTree = "<group>"; };
		202FA4B91E9D0EF200CC6523 /* SessionModel.swift */ = {isa = PBXFileReference; fileEncoding = 4; lastKnownFileType = sourcecode.swift; path = SessionModel.swift; sourceTree = "<group>"; };
		202FA4BB1E9D176000CC6523 /* NetworkRequestable.swift */ = {isa = PBXFileReference; fileEncoding = 4; lastKnownFileType = sourcecode.swift; path = NetworkRequestable.swift; sourceTree = "<group>"; };
		202FA4BD1E9D1E5500CC6523 /* NetworkError.swift */ = {isa = PBXFileReference; fileEncoding = 4; lastKnownFileType = sourcecode.swift; path = NetworkError.swift; sourceTree = "<group>"; };
		202FA4BF1E9D2C7400CC6523 /* MemberListViewController.swift */ = {isa = PBXFileReference; fileEncoding = 4; lastKnownFileType = sourcecode.swift; path = MemberListViewController.swift; sourceTree = "<group>"; };
		202FA4C01E9D2C7400CC6523 /* MemberListViewController.xib */ = {isa = PBXFileReference; fileEncoding = 4; lastKnownFileType = file.xib; path = MemberListViewController.xib; sourceTree = "<group>"; };
		202FA4C31E9D2F8400CC6523 /* Member.swift */ = {isa = PBXFileReference; fileEncoding = 4; lastKnownFileType = sourcecode.swift; path = Member.swift; sourceTree = "<group>"; };
/* End PBXFileReference section */

/* Begin PBXFrameworksBuildPhase section */
		202FA48F1E9D09CB00CC6523 /* Frameworks */ = {
			isa = PBXFrameworksBuildPhase;
			buildActionMask = 2147483647;
			files = (
			);
			runOnlyForDeploymentPostprocessing = 0;
		};
		202FA4A31E9D09CC00CC6523 /* Frameworks */ = {
			isa = PBXFrameworksBuildPhase;
			buildActionMask = 2147483647;
			files = (
			);
			runOnlyForDeploymentPostprocessing = 0;
		};
/* End PBXFrameworksBuildPhase section */

/* Begin PBXGroup section */
		202FA4891E9D09CB00CC6523 = {
			isa = PBXGroup;
			children = (
				202FA4941E9D09CC00CC6523 /* AuthTest */,
				202FA4A91E9D09CC00CC6523 /* AuthTestTests */,
				202FA4931E9D09CC00CC6523 /* Products */,
			);
			sourceTree = "<group>";
		};
		202FA4931E9D09CC00CC6523 /* Products */ = {
			isa = PBXGroup;
			children = (
				202FA4921E9D09CC00CC6523 /* AuthTest.app */,
				202FA4A61E9D09CC00CC6523 /* AuthTestTests.xctest */,
			);
			name = Products;
			sourceTree = "<group>";
		};
		202FA4941E9D09CC00CC6523 /* AuthTest */ = {
			isa = PBXGroup;
			children = (
				202FA4BD1E9D1E5500CC6523 /* NetworkError.swift */,
				202FA4B81E9D0ED000CC6523 /* Model */,
				202FA4B51E9D0C7900CC6523 /* Protocol */,
				202FA4951E9D09CC00CC6523 /* AppDelegate.swift */,
				202FA4971E9D09CC00CC6523 /* ViewController.swift */,
				202FA4991E9D09CC00CC6523 /* Main.storyboard */,
				202FA49C1E9D09CC00CC6523 /* Assets.xcassets */,
				202FA49E1E9D09CC00CC6523 /* LaunchScreen.storyboard */,
				202FA4A11E9D09CC00CC6523 /* Info.plist */,
				202FA4BF1E9D2C7400CC6523 /* MemberListViewController.swift */,
				202FA4C01E9D2C7400CC6523 /* MemberListViewController.xib */,
			);
			path = AuthTest;
			sourceTree = "<group>";
		};
		202FA4A91E9D09CC00CC6523 /* AuthTestTests */ = {
			isa = PBXGroup;
			children = (
				202FA4AA1E9D09CC00CC6523 /* AuthTestTests.swift */,
				202FA4AC1E9D09CC00CC6523 /* Info.plist */,
			);
			path = AuthTestTests;
			sourceTree = "<group>";
		};
		202FA4B51E9D0C7900CC6523 /* Protocol */ = {
			isa = PBXGroup;
			children = (
				202FA4B61E9D0CA600CC6523 /* AlertShowable.swift */,
				202FA4BB1E9D176000CC6523 /* NetworkRequestable.swift */,
			);
			name = Protocol;
			sourceTree = "<group>";
		};
		202FA4B81E9D0ED000CC6523 /* Model */ = {
			isa = PBXGroup;
			children = (
				202FA4B91E9D0EF200CC6523 /* SessionModel.swift */,
				202FA4C31E9D2F8400CC6523 /* Member.swift */,
			);
			name = Model;
			sourceTree = "<group>";
		};
/* End PBXGroup section */

/* Begin PBXNativeTarget section */
		202FA4911E9D09CB00CC6523 /* AuthTest */ = {
			isa = PBXNativeTarget;
			buildConfigurationList = 202FA4AF1E9D09CC00CC6523 /* Build configuration list for PBXNativeTarget "AuthTest" */;
			buildPhases = (
				202FA48E1E9D09CB00CC6523 /* Sources */,
				202FA48F1E9D09CB00CC6523 /* Frameworks */,
				202FA4901E9D09CB00CC6523 /* Resources */,
			);
			buildRules = (
			);
			dependencies = (
			);
			name = AuthTest;
			productName = AuthTest;
			productReference = 202FA4921E9D09CC00CC6523 /* AuthTest.app */;
			productType = "com.apple.product-type.application";
		};
		202FA4A51E9D09CC00CC6523 /* AuthTestTests */ = {
			isa = PBXNativeTarget;
			buildConfigurationList = 202FA4B21E9D09CC00CC6523 /* Build configuration list for PBXNativeTarget "AuthTestTests" */;
			buildPhases = (
				202FA4A21E9D09CC00CC6523 /* Sources */,
				202FA4A31E9D09CC00CC6523 /* Frameworks */,
				202FA4A41E9D09CC00CC6523 /* Resources */,
			);
			buildRules = (
			);
			dependencies = (
				202FA4A81E9D09CC00CC6523 /* PBXTargetDependency */,
			);
			name = AuthTestTests;
			productName = AuthTestTests;
			productReference = 202FA4A61E9D09CC00CC6523 /* AuthTestTests.xctest */;
			productType = "com.apple.product-type.bundle.unit-test";
		};
/* End PBXNativeTarget section */

/* Begin PBXProject section */
		202FA48A1E9D09CB00CC6523 /* Project object */ = {
			isa = PBXProject;
			attributes = {
				LastSwiftUpdateCheck = 0820;
				LastUpgradeCheck = 0820;
				ORGANIZATIONNAME = Wane;
				TargetAttributes = {
					202FA4911E9D09CB00CC6523 = {
						CreatedOnToolsVersion = 8.2.1;
						ProvisioningStyle = Automatic;
					};
					202FA4A51E9D09CC00CC6523 = {
						CreatedOnToolsVersion = 8.2.1;
						ProvisioningStyle = Automatic;
						TestTargetID = 202FA4911E9D09CB00CC6523;
					};
				};
			};
			buildConfigurationList = 202FA48D1E9D09CB00CC6523 /* Build configuration list for PBXProject "AuthTest" */;
			compatibilityVersion = "Xcode 3.2";
			developmentRegion = English;
			hasScannedForEncodings = 0;
			knownRegions = (
				en,
				Base,
			);
			mainGroup = 202FA4891E9D09CB00CC6523;
			productRefGroup = 202FA4931E9D09CC00CC6523 /* Products */;
			projectDirPath = "";
			projectRoot = "";
			targets = (
				202FA4911E9D09CB00CC6523 /* AuthTest */,
				202FA4A51E9D09CC00CC6523 /* AuthTestTests */,
			);
		};
/* End PBXProject section */

/* Begin PBXResourcesBuildPhase section */
		202FA4901E9D09CB00CC6523 /* Resources */ = {
			isa = PBXResourcesBuildPhase;
			buildActionMask = 2147483647;
			files = (
				202FA4C21E9D2C7400CC6523 /* MemberListViewController.xib in Resources */,
				202FA4A01E9D09CC00CC6523 /* LaunchScreen.storyboard in Resources */,
				202FA49D1E9D09CC00CC6523 /* Assets.xcassets in Resources */,
				202FA49B1E9D09CC00CC6523 /* Main.storyboard in Resources */,
			);
			runOnlyForDeploymentPostprocessing = 0;
		};
		202FA4A41E9D09CC00CC6523 /* Resources */ = {
			isa = PBXResourcesBuildPhase;
			buildActionMask = 2147483647;
			files = (
			);
			runOnlyForDeploymentPostprocessing = 0;
		};
/* End PBXResourcesBuildPhase section */

/* Begin PBXSourcesBuildPhase section */
		202FA48E1E9D09CB00CC6523 /* Sources */ = {
			isa = PBXSourcesBuildPhase;
			buildActionMask = 2147483647;
			files = (
				202FA4981E9D09CC00CC6523 /* ViewController.swift in Sources */,
				202FA4B71E9D0CA600CC6523 /* AlertShowable.swift in Sources */,
				202FA4C11E9D2C7400CC6523 /* MemberListViewController.swift in Sources */,
				202FA4BE1E9D1E5500CC6523 /* NetworkError.swift in Sources */,
				202FA4BA1E9D0EF200CC6523 /* SessionModel.swift in Sources */,
				202FA4BC1E9D176000CC6523 /* NetworkRequestable.swift in Sources */,
				202FA4961E9D09CC00CC6523 /* AppDelegate.swift in Sources */,
				202FA4C41E9D2F8400CC6523 /* Member.swift in Sources */,
			);
			runOnlyForDeploymentPostprocessing = 0;
		};
		202FA4A21E9D09CC00CC6523 /* Sources */ = {
			isa = PBXSourcesBuildPhase;
			buildActionMask = 2147483647;
			files = (
				202FA4AB1E9D09CC00CC6523 /* AuthTestTests.swift in Sources */,
			);
			runOnlyForDeploymentPostprocessing = 0;
		};
/* End PBXSourcesBuildPhase section */

/* Begin PBXTargetDependency section */
		202FA4A81E9D09CC00CC6523 /* PBXTargetDependency */ = {
			isa = PBXTargetDependency;
			target = 202FA4911E9D09CB00CC6523 /* AuthTest */;
			targetProxy = 202FA4A71E9D09CC00CC6523 /* PBXContainerItemProxy */;
		};
/* End PBXTargetDependency section */

/* Begin PBXVariantGroup section */
		202FA4991E9D09CC00CC6523 /* Main.storyboard */ = {
			isa = PBXVariantGroup;
			children = (
				202FA49A1E9D09CC00CC6523 /* Base */,
			);
			name = Main.storyboard;
			sourceTree = "<group>";
		};
		202FA49E1E9D09CC00CC6523 /* LaunchScreen.storyboard */ = {
			isa = PBXVariantGroup;
			children = (
				202FA49F1E9D09CC00CC6523 /* Base */,
			);
			name = LaunchScreen.storyboard;
			sourceTree = "<group>";
		};
/* End PBXVariantGroup section */

/* Begin XCBuildConfiguration section */
		202FA4AD1E9D09CC00CC6523 /* Debug */ = {
			isa = XCBuildConfiguration;
			buildSettings = {
				ALWAYS_SEARCH_USER_PATHS = NO;
				CLANG_ANALYZER_NONNULL = YES;
				CLANG_CXX_LANGUAGE_STANDARD = "gnu++0x";
				CLANG_CXX_LIBRARY = "libc++";
				CLANG_ENABLE_MODULES = YES;
				CLANG_ENABLE_OBJC_ARC = YES;
				CLANG_WARN_BOOL_CONVERSION = YES;
				CLANG_WARN_CONSTANT_CONVERSION = YES;
				CLANG_WARN_DIRECT_OBJC_ISA_USAGE = YES_ERROR;
				CLANG_WARN_DOCUMENTATION_COMMENTS = YES;
				CLANG_WARN_EMPTY_BODY = YES;
				CLANG_WARN_ENUM_CONVERSION = YES;
				CLANG_WARN_INFINITE_RECURSION = YES;
				CLANG_WARN_INT_CONVERSION = YES;
				CLANG_WARN_OBJC_ROOT_CLASS = YES_ERROR;
				CLANG_WARN_SUSPICIOUS_MOVE = YES;
				CLANG_WARN_UNREACHABLE_CODE = YES;
				CLANG_WARN__DUPLICATE_METHOD_MATCH = YES;
				"CODE_SIGN_IDENTITY[sdk=iphoneos*]" = "iPhone Developer";
				COPY_PHASE_STRIP = NO;
				DEBUG_INFORMATION_FORMAT = dwarf;
				ENABLE_STRICT_OBJC_MSGSEND = YES;
				ENABLE_TESTABILITY = YES;
				GCC_C_LANGUAGE_STANDARD = gnu99;
				GCC_DYNAMIC_NO_PIC = NO;
				GCC_NO_COMMON_BLOCKS = YES;
				GCC_OPTIMIZATION_LEVEL = 0;
				GCC_PREPROCESSOR_DEFINITIONS = (
					"DEBUG=1",
					"$(inherited)",
				);
				GCC_WARN_64_TO_32_BIT_CONVERSION = YES;
				GCC_WARN_ABOUT_RETURN_TYPE = YES_ERROR;
				GCC_WARN_UNDECLARED_SELECTOR = YES;
				GCC_WARN_UNINITIALIZED_AUTOS = YES_AGGRESSIVE;
				GCC_WARN_UNUSED_FUNCTION = YES;
				GCC_WARN_UNUSED_VARIABLE = YES;
				IPHONEOS_DEPLOYMENT_TARGET = 10.2;
				MTL_ENABLE_DEBUG_INFO = YES;
				ONLY_ACTIVE_ARCH = YES;
				SDKROOT = iphoneos;
				SWIFT_ACTIVE_COMPILATION_CONDITIONS = DEBUG;
				SWIFT_OPTIMIZATION_LEVEL = "-Onone";
			};
			name = Debug;
		};
		202FA4AE1E9D09CC00CC6523 /* Release */ = {
			isa = XCBuildConfiguration;
			buildSettings = {
				ALWAYS_SEARCH_USER_PATHS = NO;
				CLANG_ANALYZER_NONNULL = YES;
				CLANG_CXX_LANGUAGE_STANDARD = "gnu++0x";
				CLANG_CXX_LIBRARY = "libc++";
				CLANG_ENABLE_MODULES = YES;
				CLANG_ENABLE_OBJC_ARC = YES;
				CLANG_WARN_BOOL_CONVERSION = YES;
				CLANG_WARN_CONSTANT_CONVERSION = YES;
				CLANG_WARN_DIRECT_OBJC_ISA_USAGE = YES_ERROR;
				CLANG_WARN_DOCUMENTATION_COMMENTS = YES;
				CLANG_WARN_EMPTY_BODY = YES;
				CLANG_WARN_ENUM_CONVERSION = YES;
				CLANG_WARN_INFINITE_RECURSION = YES;
				CLANG_WARN_INT_CONVERSION = YES;
				CLANG_WARN_OBJC_ROOT_CLASS = YES_ERROR;
				CLANG_WARN_SUSPICIOUS_MOVE = YES;
				CLANG_WARN_UNREACHABLE_CODE = YES;
				CLANG_WARN__DUPLICATE_METHOD_MATCH = YES;
				"CODE_SIGN_IDENTITY[sdk=iphoneos*]" = "iPhone Developer";
				COPY_PHASE_STRIP = NO;
				DEBUG_INFORMATION_FORMAT = "dwarf-with-dsym";
				ENABLE_NS_ASSERTIONS = NO;
				ENABLE_STRICT_OBJC_MSGSEND = YES;
				GCC_C_LANGUAGE_STANDARD = gnu99;
				GCC_NO_COMMON_BLOCKS = YES;
				GCC_WARN_64_TO_32_BIT_CONVERSION = YES;
				GCC_WARN_ABOUT_RETURN_TYPE = YES_ERROR;
				GCC_WARN_UNDECLARED_SELECTOR = YES;
				GCC_WARN_UNINITIALIZED_AUTOS = YES_AGGRESSIVE;
				GCC_WARN_UNUSED_FUNCTION = YES;
				GCC_WARN_UNUSED_VARIABLE = YES;
				IPHONEOS_DEPLOYMENT_TARGET = 10.2;
				MTL_ENABLE_DEBUG_INFO = NO;
				SDKROOT = iphoneos;
				SWIFT_OPTIMIZATION_LEVEL = "-Owholemodule";
				VALIDATE_PRODUCT = YES;
			};
			name = Release;
		};
		202FA4B01E9D09CC00CC6523 /* Debug */ = {
			isa = XCBuildConfiguration;
			buildSettings = {
				ASSETCATALOG_COMPILER_APPICON_NAME = AppIcon;
				INFOPLIST_FILE = AuthTest/Info.plist;
				LD_RUNPATH_SEARCH_PATHS = "$(inherited) @executable_path/Frameworks";
				PRODUCT_BUNDLE_IDENTIFIER = io.wane.AuthTest;
				PRODUCT_NAME = "$(TARGET_NAME)";
				SWIFT_VERSION = 3.0;
			};
			name = Debug;
		};
		202FA4B11E9D09CC00CC6523 /* Release */ = {
			isa = XCBuildConfiguration;
			buildSettings = {
				ASSETCATALOG_COMPILER_APPICON_NAME = AppIcon;
				INFOPLIST_FILE = AuthTest/Info.plist;
				LD_RUNPATH_SEARCH_PATHS = "$(inherited) @executable_path/Frameworks";
				PRODUCT_BUNDLE_IDENTIFIER = io.wane.AuthTest;
				PRODUCT_NAME = "$(TARGET_NAME)";
				SWIFT_VERSION = 3.0;
			};
			name = Release;
		};
		202FA4B31E9D09CC00CC6523 /* Debug */ = {
			isa = XCBuildConfiguration;
			buildSettings = {
				ALWAYS_EMBED_SWIFT_STANDARD_LIBRARIES = YES;
				BUNDLE_LOADER = "$(TEST_HOST)";
				INFOPLIST_FILE = AuthTestTests/Info.plist;
				LD_RUNPATH_SEARCH_PATHS = "$(inherited) @executable_path/Frameworks @loader_path/Frameworks";
				PRODUCT_BUNDLE_IDENTIFIER = io.wane.AuthTestTests;
				PRODUCT_NAME = "$(TARGET_NAME)";
				SWIFT_VERSION = 3.0;
				TEST_HOST = "$(BUILT_PRODUCTS_DIR)/AuthTest.app/AuthTest";
			};
			name = Debug;
		};
		202FA4B41E9D09CC00CC6523 /* Release */ = {
			isa = XCBuildConfiguration;
			buildSettings = {
				ALWAYS_EMBED_SWIFT_STANDARD_LIBRARIES = YES;
				BUNDLE_LOADER = "$(TEST_HOST)";
				INFOPLIST_FILE = AuthTestTests/Info.plist;
				LD_RUNPATH_SEARCH_PATHS = "$(inherited) @executable_path/Frameworks @loader_path/Frameworks";
				PRODUCT_BUNDLE_IDENTIFIER = io.wane.AuthTestTests;
				PRODUCT_NAME = "$(TARGET_NAME)";
				SWIFT_VERSION = 3.0;
				TEST_HOST = "$(BUILT_PRODUCTS_DIR)/AuthTest.app/AuthTest";
			};
			name = Release;
		};
/* End XCBuildConfiguration section */

/* Begin XCConfigurationList section */
		202FA48D1E9D09CB00CC6523 /* Build configuration list for PBXProject "AuthTest" */ = {
			isa = XCConfigurationList;
			buildConfigurations = (
				202FA4AD1E9D09CC00CC6523 /* Debug */,
				202FA4AE1E9D09CC00CC6523 /* Release */,
			);
			defaultConfigurationIsVisible = 0;
			defaultConfigurationName = Release;
		};
		202FA4AF1E9D09CC00CC6523 /* Build configuration list for PBXNativeTarget "AuthTest" */ = {
			isa = XCConfigurationList;
			buildConfigurations = (
				202FA4B01E9D09CC00CC6523 /* Debug */,
				202FA4B11E9D09CC00CC6523 /* Release */,
			);
			defaultConfigurationIsVisible = 0;
		};
		202FA4B21E9D09CC00CC6523 /* Build configuration list for PBXNativeTarget "AuthTestTests" */ = {
			isa = XCConfigurationList;
			buildConfigurations = (
				202FA4B31E9D09CC00CC6523 /* Debug */,
				202FA4B41E9D09CC00CC6523 /* Release */,
			);
			defaultConfigurationIsVisible = 0;
		};
/* End XCConfigurationList section */
	};
	rootObject = 202FA48A1E9D09CB00CC6523 /* Project object */;
}
