// !$*UTF8*$!
{
	archiveVersion = 1;
	classes = {
	};
	objectVersion = 46;
	objects = {

/* Begin PBXBuildFile section */
		202E57791E9E4F9F0060DD4F /* MemberCreateViewController.swift in Sources */ = {isa = PBXBuildFile; fileRef = 202E57771E9E4F9F0060DD4F /* MemberCreateViewController.swift */; };
		202E577A1E9E4F9F0060DD4F /* MemberCreateViewController.xib in Resources */ = {isa = PBXBuildFile; fileRef = 202E57781E9E4F9F0060DD4F /* MemberCreateViewController.xib */; };
		202E577D1E9E866B0060DD4F /* UserData.swift in Sources */ = {isa = PBXBuildFile; fileRef = 202E577C1E9E866B0060DD4F /* UserData.swift */; };
		202E577F1E9E86DE0060DD4F /* UserDefaultsExtension.swift in Sources */ = {isa = PBXBuildFile; fileRef = 202E577E1E9E86DE0060DD4F /* UserDefaultsExtension.swift */; };
		202FA4961E9D09CC00CC6523 /* AppDelegate.swift in Sources */ = {isa = PBXBuildFile; fileRef = 202FA4951E9D09CC00CC6523 /* AppDelegate.swift */; };
		202FA49D1E9D09CC00CC6523 /* Assets.xcassets in Resources */ = {isa = PBXBuildFile; fileRef = 202FA49C1E9D09CC00CC6523 /* Assets.xcassets */; };
		202FA4A01E9D09CC00CC6523 /* LaunchScreen.storyboard in Resources */ = {isa = PBXBuildFile; fileRef = 202FA49E1E9D09CC00CC6523 /* LaunchScreen.storyboard */; };
		202FA4AB1E9D09CC00CC6523 /* AuthTestTests.swift in Sources */ = {isa = PBXBuildFile; fileRef = 202FA4AA1E9D09CC00CC6523 /* AuthTestTests.swift */; };
		202FA4B71E9D0CA600CC6523 /* AlertShowable.swift in Sources */ = {isa = PBXBuildFile; fileRef = 202FA4B61E9D0CA600CC6523 /* AlertShowable.swift */; };
		202FA4BA1E9D0EF200CC6523 /* SessionModel.swift in Sources */ = {isa = PBXBuildFile; fileRef = 202FA4B91E9D0EF200CC6523 /* SessionModel.swift */; };
		202FA4BC1E9D176000CC6523 /* NetworkRequestable.swift in Sources */ = {isa = PBXBuildFile; fileRef = 202FA4BB1E9D176000CC6523 /* NetworkRequestable.swift */; };
		202FA4BE1E9D1E5500CC6523 /* NetworkError.swift in Sources */ = {isa = PBXBuildFile; fileRef = 202FA4BD1E9D1E5500CC6523 /* NetworkError.swift */; };
		202FA4C11E9D2C7400CC6523 /* MemberListViewController.swift in Sources */ = {isa = PBXBuildFile; fileRef = 202FA4BF1E9D2C7400CC6523 /* MemberListViewController.swift */; };
		202FA4C21E9D2C7400CC6523 /* MemberListViewController.xib in Resources */ = {isa = PBXBuildFile; fileRef = 202FA4C01E9D2C7400CC6523 /* MemberListViewController.xib */; };
		202FA4C41E9D2F8400CC6523 /* Member.swift in Sources */ = {isa = PBXBuildFile; fileRef = 202FA4C31E9D2F8400CC6523 /* Member.swift */; };
		2093B4ED1E9D352E0023246B /* UIViewControllerSideMenu.swift in Sources */ = {isa = PBXBuildFile; fileRef = 2093B4EC1E9D352E0023246B /* UIViewControllerSideMenu.swift */; };
		2093B4F01E9D35AA0023246B /* SideMenuViewController.swift in Sources */ = {isa = PBXBuildFile; fileRef = 2093B4EE1E9D35AA0023246B /* SideMenuViewController.swift */; };
		2093B4F11E9D35AA0023246B /* SideMenuViewController.xib in Resources */ = {isa = PBXBuildFile; fileRef = 2093B4EF1E9D35AA0023246B /* SideMenuViewController.xib */; };
		2093B4F41E9D3A8B0023246B /* LoginViewController.swift in Sources */ = {isa = PBXBuildFile; fileRef = 2093B4F21E9D3A8B0023246B /* LoginViewController.swift */; };
		2093B4F51E9D3A8B0023246B /* LoginViewController.xib in Resources */ = {isa = PBXBuildFile; fileRef = 2093B4F31E9D3A8B0023246B /* LoginViewController.xib */; };
		484A5A58DE014E3F04CFEFA1 /* Pods_AuthTestTests.framework in Frameworks */ = {isa = PBXBuildFile; fileRef = F03210309CB6FE4A4C407B7F /* Pods_AuthTestTests.framework */; };
		57838DF88F680785FF2FE2F3 /* Pods_AuthTest.framework in Frameworks */ = {isa = PBXBuildFile; fileRef = 24AE102652146DDC90681DCF /* Pods_AuthTest.framework */; };
/* End PBXBuildFile section */

/* Begin PBXContainerItemProxy section */
		202FA4A71E9D09CC00CC6523 /* PBXContainerItemProxy */ = {
			isa = PBXContainerItemProxy;
			containerPortal = 202FA48A1E9D09CB00CC6523 /* Project object */;
			proxyType = 1;
			remoteGlobalIDString = 202FA4911E9D09CB00CC6523;
			remoteInfo = AuthTest;
		};
/* End PBXContainerItemProxy section */

/* Begin PBXFileReference section */
		202E57771E9E4F9F0060DD4F /* MemberCreateViewController.swift */ = {isa = PBXFileReference; fileEncoding = 4; lastKnownFileType = sourcecode.swift; path = MemberCreateViewController.swift; sourceTree = "<group>"; };
		202E57781E9E4F9F0060DD4F /* MemberCreateViewController.xib */ = {isa = PBXFileReference; fileEncoding = 4; lastKnownFileType = file.xib; path = MemberCreateViewController.xib; sourceTree = "<group>"; };
		202E577C1E9E866B0060DD4F /* UserData.swift */ = {isa = PBXFileReference; fileEncoding = 4; lastKnownFileType = sourcecode.swift; path = UserData.swift; sourceTree = "<group>"; };
		202E577E1E9E86DE0060DD4F /* UserDefaultsExtension.swift */ = {isa = PBXFileReference; fileEncoding = 4; lastKnownFileType = sourcecode.swift; path = UserDefaultsExtension.swift; sourceTree = "<group>"; };
		202FA4921E9D09CC00CC6523 /* AuthTest.app */ = {isa = PBXFileReference; explicitFileType = wrapper.application; includeInIndex = 0; path = AuthTest.app; sourceTree = BUILT_PRODUCTS_DIR; };
		202FA4951E9D09CC00CC6523 /* AppDelegate.swift */ = {isa = PBXFileReference; lastKnownFileType = sourcecode.swift; path = AppDelegate.swift; sourceTree = "<group>"; };
		202FA49C1E9D09CC00CC6523 /* Assets.xcassets */ = {isa = PBXFileReference; lastKnownFileType = folder.assetcatalog; path = Assets.xcassets; sourceTree = "<group>"; };
		202FA49F1E9D09CC00CC6523 /* Base */ = {isa = PBXFileReference; lastKnownFileType = file.storyboard; name = Base; path = Base.lproj/LaunchScreen.storyboard; sourceTree = "<group>"; };
		202FA4A11E9D09CC00CC6523 /* Info.plist */ = {isa = PBXFileReference; lastKnownFileType = text.plist.xml; path = Info.plist; sourceTree = "<group>"; };
		202FA4A61E9D09CC00CC6523 /* AuthTestTests.xctest */ = {isa = PBXFileReference; explicitFileType = wrapper.cfbundle; includeInIndex = 0; path = AuthTestTests.xctest; sourceTree = BUILT_PRODUCTS_DIR; };
		202FA4AA1E9D09CC00CC6523 /* AuthTestTests.swift */ = {isa = PBXFileReference; lastKnownFileType = sourcecode.swift; path = AuthTestTests.swift; sourceTree = "<group>"; };
		202FA4AC1E9D09CC00CC6523 /* Info.plist */ = {isa = PBXFileReference; lastKnownFileType = text.plist.xml; path = Info.plist; sourceTree = "<group>"; };
		202FA4B61E9D0CA600CC6523 /* AlertShowable.swift */ = {isa = PBXFileReference; fileEncoding = 4; lastKnownFileType = sourcecode.swift; path = AlertShowable.swift; sourceTree = "<group>"; };
		202FA4B91E9D0EF200CC6523 /* SessionModel.swift */ = {isa = PBXFileReference; fileEncoding = 4; lastKnownFileType = sourcecode.swift; path = SessionModel.swift; sourceTree = "<group>"; };
		202FA4BB1E9D176000CC6523 /* NetworkRequestable.swift */ = {isa = PBXFileReference; fileEncoding = 4; lastKnownFileType = sourcecode.swift; path = NetworkRequestable.swift; sourceTree = "<group>"; };
		202FA4BD1E9D1E5500CC6523 /* NetworkError.swift */ = {isa = PBXFileReference; fileEncoding = 4; lastKnownFileType = sourcecode.swift; path = NetworkError.swift; sourceTree = "<group>"; };
		202FA4BF1E9D2C7400CC6523 /* MemberListViewController.swift */ = {isa = PBXFileReference; fileEncoding = 4; lastKnownFileType = sourcecode.swift; path = MemberListViewController.swift; sourceTree = "<group>"; };
		202FA4C01E9D2C7400CC6523 /* MemberListViewController.xib */ = {isa = PBXFileReference; fileEncoding = 4; lastKnownFileType = file.xib; path = MemberListViewController.xib; sourceTree = "<group>"; };
		202FA4C31E9D2F8400CC6523 /* Member.swift */ = {isa = PBXFileReference; fileEncoding = 4; lastKnownFileType = sourcecode.swift; path = Member.swift; sourceTree = "<group>"; };
		2093B4EC1E9D352E0023246B /* UIViewControllerSideMenu.swift */ = {isa = PBXFileReference; fileEncoding = 4; lastKnownFileType = sourcecode.swift; path = UIViewControllerSideMenu.swift; sourceTree = "<group>"; };
		2093B4EE1E9D35AA0023246B /* SideMenuViewController.swift */ = {isa = PBXFileReference; fileEncoding = 4; lastKnownFileType = sourcecode.swift; path = SideMenuViewController.swift; sourceTree = "<group>"; };
		2093B4EF1E9D35AA0023246B /* SideMenuViewController.xib */ = {isa = PBXFileReference; fileEncoding = 4; lastKnownFileType = file.xib; path = SideMenuViewController.xib; sourceTree = "<group>"; };
		2093B4F21E9D3A8B0023246B /* LoginViewController.swift */ = {isa = PBXFileReference; fileEncoding = 4; lastKnownFileType = sourcecode.swift; path = LoginViewController.swift; sourceTree = "<group>"; };
		2093B4F31E9D3A8B0023246B /* LoginViewController.xib */ = {isa = PBXFileReference; fileEncoding = 4; lastKnownFileType = file.xib; path = LoginViewController.xib; sourceTree = "<group>"; };
		24AE102652146DDC90681DCF /* Pods_AuthTest.framework */ = {isa = PBXFileReference; explicitFileType = wrapper.framework; includeInIndex = 0; path = Pods_AuthTest.framework; sourceTree = BUILT_PRODUCTS_DIR; };
		3C999FB5F30645D7B74DF91C /* Pods-AuthTestTests.debug.xcconfig */ = {isa = PBXFileReference; includeInIndex = 1; lastKnownFileType = text.xcconfig; name = "Pods-AuthTestTests.debug.xcconfig"; path = "Pods/Target Support Files/Pods-AuthTestTests/Pods-AuthTestTests.debug.xcconfig"; sourceTree = "<group>"; };
		530CB7105D18149C90405546 /* Pods-AuthTestTests.release.xcconfig */ = {isa = PBXFileReference; includeInIndex = 1; lastKnownFileType = text.xcconfig; name = "Pods-AuthTestTests.release.xcconfig"; path = "Pods/Target Support Files/Pods-AuthTestTests/Pods-AuthTestTests.release.xcconfig"; sourceTree = "<group>"; };
		5F2267EB6D3B1C4E353E6B20 /* Pods-AuthTest.release.xcconfig */ = {isa = PBXFileReference; includeInIndex = 1; lastKnownFileType = text.xcconfig; name = "Pods-AuthTest.release.xcconfig"; path = "Pods/Target Support Files/Pods-AuthTest/Pods-AuthTest.release.xcconfig"; sourceTree = "<group>"; };
		6DD42162938564C95CA02798 /* Pods-AuthTest.debug.xcconfig */ = {isa = PBXFileReference; includeInIndex = 1; lastKnownFileType = text.xcconfig; name = "Pods-AuthTest.debug.xcconfig"; path = "Pods/Target Support Files/Pods-AuthTest/Pods-AuthTest.debug.xcconfig"; sourceTree = "<group>"; };
		F03210309CB6FE4A4C407B7F /* Pods_AuthTestTests.framework */ = {isa = PBXFileReference; explicitFileType = wrapper.framework; includeInIndex = 0; path = Pods_AuthTestTests.framework; sourceTree = BUILT_PRODUCTS_DIR; };
/* End PBXFileReference section */

/* Begin PBXFrameworksBuildPhase section */
		202FA48F1E9D09CB00CC6523 /* Frameworks */ = {
			isa = PBXFrameworksBuildPhase;
			buildActionMask = 2147483647;
			files = (
				57838DF88F680785FF2FE2F3 /* Pods_AuthTest.framework in Frameworks */,
			);
			runOnlyForDeploymentPostprocessing = 0;
		};
		202FA4A31E9D09CC00CC6523 /* Frameworks */ = {
			isa = PBXFrameworksBuildPhase;
			buildActionMask = 2147483647;
			files = (
				484A5A58DE014E3F04CFEFA1 /* Pods_AuthTestTests.framework in Frameworks */,
			);
			runOnlyForDeploymentPostprocessing = 0;
		};
/* End PBXFrameworksBuildPhase section */

/* Begin PBXGroup section */
		202E577B1E9E86570060DD4F /* Enum */ = {
			isa = PBXGroup;
			children = (
				202FA4BD1E9D1E5500CC6523 /* NetworkError.swift */,
				202E577C1E9E866B0060DD4F /* UserData.swift */,
			);
			name = Enum;
			sourceTree = "<group>";
		};
		202FA4891E9D09CB00CC6523 = {
			isa = PBXGroup;
			children = (
				202FA4941E9D09CC00CC6523 /* AuthTest */,
				202FA4A91E9D09CC00CC6523 /* AuthTestTests */,
				202FA4931E9D09CC00CC6523 /* Products */,
				78FF92084EF3354BE7F78F72 /* Pods */,
				DF8ED7732864ADE5927BC988 /* Frameworks */,
			);
			sourceTree = "<group>";
		};
		202FA4931E9D09CC00CC6523 /* Products */ = {
			isa = PBXGroup;
			children = (
				202FA4921E9D09CC00CC6523 /* AuthTest.app */,
				202FA4A61E9D09CC00CC6523 /* AuthTestTests.xctest */,
			);
			name = Products;
			sourceTree = "<group>";
		};
		202FA4941E9D09CC00CC6523 /* AuthTest */ = {
			isa = PBXGroup;
			children = (
				202E577B1E9E86570060DD4F /* Enum */,
				2093B4EB1E9D35100023246B /* Extension */,
				202FA4B81E9D0ED000CC6523 /* Model */,
				202FA4B51E9D0C7900CC6523 /* Protocol */,
				202FA4951E9D09CC00CC6523 /* AppDelegate.swift */,
				202FA49C1E9D09CC00CC6523 /* Assets.xcassets */,
				202FA49E1E9D09CC00CC6523 /* LaunchScreen.storyboard */,
				202FA4A11E9D09CC00CC6523 /* Info.plist */,
				202FA4BF1E9D2C7400CC6523 /* MemberListViewController.swift */,
				202FA4C01E9D2C7400CC6523 /* MemberListViewController.xib */,
				202E57771E9E4F9F0060DD4F /* MemberCreateViewController.swift */,
				202E57781E9E4F9F0060DD4F /* MemberCreateViewController.xib */,
				2093B4EE1E9D35AA0023246B /* SideMenuViewController.swift */,
				2093B4EF1E9D35AA0023246B /* SideMenuViewController.xib */,
				2093B4F21E9D3A8B0023246B /* LoginViewController.swift */,
				2093B4F31E9D3A8B0023246B /* LoginViewController.xib */,
			);
			path = AuthTest;
			sourceTree = "<group>";
		};
		202FA4A91E9D09CC00CC6523 /* AuthTestTests */ = {
			isa = PBXGroup;
			children = (
				202FA4AA1E9D09CC00CC6523 /* AuthTestTests.swift */,
				202FA4AC1E9D09CC00CC6523 /* Info.plist */,
			);
			path = AuthTestTests;
			sourceTree = "<group>";
		};
		202FA4B51E9D0C7900CC6523 /* Protocol */ = {
			isa = PBXGroup;
			children = (
				202FA4B61E9D0CA600CC6523 /* AlertShowable.swift */,
				202FA4BB1E9D176000CC6523 /* NetworkRequestable.swift */,
			);
			name = Protocol;
			sourceTree = "<group>";
		};
		202FA4B81E9D0ED000CC6523 /* Model */ = {
			isa = PBXGroup;
			children = (
				202FA4B91E9D0EF200CC6523 /* SessionModel.swift */,
				202FA4C31E9D2F8400CC6523 /* Member.swift */,
			);
			name = Model;
			sourceTree = "<group>";
		};
		2093B4EB1E9D35100023246B /* Extension */ = {
			isa = PBXGroup;
			children = (
				2093B4EC1E9D352E0023246B /* UIViewControllerSideMenu.swift */,
				202E577E1E9E86DE0060DD4F /* UserDefaultsExtension.swift */,
			);
			name = Extension;
			sourceTree = "<group>";
		};
		78FF92084EF3354BE7F78F72 /* Pods */ = {
			isa = PBXGroup;
			children = (
				6DD42162938564C95CA02798 /* Pods-AuthTest.debug.xcconfig */,
				5F2267EB6D3B1C4E353E6B20 /* Pods-AuthTest.release.xcconfig */,
				3C999FB5F30645D7B74DF91C /* Pods-AuthTestTests.debug.xcconfig */,
				530CB7105D18149C90405546 /* Pods-AuthTestTests.release.xcconfig */,
			);
			name = Pods;
			sourceTree = "<group>";
		};
		DF8ED7732864ADE5927BC988 /* Frameworks */ = {
			isa = PBXGroup;
			children = (
				24AE102652146DDC90681DCF /* Pods_AuthTest.framework */,
				F03210309CB6FE4A4C407B7F /* Pods_AuthTestTests.framework */,
			);
			name = Frameworks;
			sourceTree = "<group>";
		};
/* End PBXGroup section */

/* Begin PBXNativeTarget section */
		202FA4911E9D09CB00CC6523 /* AuthTest */ = {
			isa = PBXNativeTarget;
			buildConfigurationList = 202FA4AF1E9D09CC00CC6523 /* Build configuration list for PBXNativeTarget "AuthTest" */;
			buildPhases = (
				860094EBD7F8579418742AD4 /* [CP] Check Pods Manifest.lock */,
				202FA48E1E9D09CB00CC6523 /* Sources */,
				202FA48F1E9D09CB00CC6523 /* Frameworks */,
				202FA4901E9D09CB00CC6523 /* Resources */,
				2F7DFAB1D932CE1F39F79EC0 /* [CP] Embed Pods Frameworks */,
				2C3E053C1EC98FDD16E4CAD5 /* [CP] Copy Pods Resources */,
			);
			buildRules = (
			);
			dependencies = (
			);
			name = AuthTest;
			productName = AuthTest;
			productReference = 202FA4921E9D09CC00CC6523 /* AuthTest.app */;
			productType = "com.apple.product-type.application";
		};
		202FA4A51E9D09CC00CC6523 /* AuthTestTests */ = {
			isa = PBXNativeTarget;
			buildConfigurationList = 202FA4B21E9D09CC00CC6523 /* Build configuration list for PBXNativeTarget "AuthTestTests" */;
			buildPhases = (
				9D1873D703A114F3326F7F63 /* [CP] Check Pods Manifest.lock */,
				202FA4A21E9D09CC00CC6523 /* Sources */,
				202FA4A31E9D09CC00CC6523 /* Frameworks */,
				202FA4A41E9D09CC00CC6523 /* Resources */,
				DCA77476FA8FF054F4ACE41C /* [CP] Embed Pods Frameworks */,
				9755F6D19714072A247C51B8 /* [CP] Copy Pods Resources */,
			);
			buildRules = (
			);
			dependencies = (
				202FA4A81E9D09CC00CC6523 /* PBXTargetDependency */,
			);
			name = AuthTestTests;
			productName = AuthTestTests;
			productReference = 202FA4A61E9D09CC00CC6523 /* AuthTestTests.xctest */;
			productType = "com.apple.product-type.bundle.unit-test";
		};
/* End PBXNativeTarget section */

/* Begin PBXProject section */
		202FA48A1E9D09CB00CC6523 /* Project object */ = {
			isa = PBXProject;
			attributes = {
				LastSwiftUpdateCheck = 0820;
				LastUpgradeCheck = 0820;
				ORGANIZATIONNAME = Wane;
				TargetAttributes = {
					202FA4911E9D09CB00CC6523 = {
						CreatedOnToolsVersion = 8.2.1;
						ProvisioningStyle = Automatic;
					};
					202FA4A51E9D09CC00CC6523 = {
						CreatedOnToolsVersion = 8.2.1;
						ProvisioningStyle = Automatic;
						TestTargetID = 202FA4911E9D09CB00CC6523;
					};
				};
			};
			buildConfigurationList = 202FA48D1E9D09CB00CC6523 /* Build configuration list for PBXProject "AuthTest" */;
			compatibilityVersion = "Xcode 3.2";
			developmentRegion = English;
			hasScannedForEncodings = 0;
			knownRegions = (
				en,
				Base,
			);
			mainGroup = 202FA4891E9D09CB00CC6523;
			productRefGroup = 202FA4931E9D09CC00CC6523 /* Products */;
			projectDirPath = "";
			projectRoot = "";
			targets = (
				202FA4911E9D09CB00CC6523 /* AuthTest */,
				202FA4A51E9D09CC00CC6523 /* AuthTestTests */,
			);
		};
/* End PBXProject section */

/* Begin PBXResourcesBuildPhase section */
		202FA4901E9D09CB00CC6523 /* Resources */ = {
			isa = PBXResourcesBuildPhase;
			buildActionMask = 2147483647;
			files = (
				2093B4F11E9D35AA0023246B /* SideMenuViewController.xib in Resources */,
				202FA4C21E9D2C7400CC6523 /* MemberListViewController.xib in Resources */,
				2093B4F51E9D3A8B0023246B /* LoginViewController.xib in Resources */,
				202FA4A01E9D09CC00CC6523 /* LaunchScreen.storyboard in Resources */,
				202E577A1E9E4F9F0060DD4F /* MemberCreateViewController.xib in Resources */,
				202FA49D1E9D09CC00CC6523 /* Assets.xcassets in Resources */,
			);
			runOnlyForDeploymentPostprocessing = 0;
		};
		202FA4A41E9D09CC00CC6523 /* Resources */ = {
			isa = PBXResourcesBuildPhase;
			buildActionMask = 2147483647;
			files = (
			);
			runOnlyForDeploymentPostprocessing = 0;
		};
/* End PBXResourcesBuildPhase section */

/* Begin PBXShellScriptBuildPhase section */
		2C3E053C1EC98FDD16E4CAD5 /* [CP] Copy Pods Resources */ = {
			isa = PBXShellScriptBuildPhase;
			buildActionMask = 2147483647;
			files = (
			);
			inputPaths = (
			);
			name = "[CP] Copy Pods Resources";
			outputPaths = (
			);
			runOnlyForDeploymentPostprocessing = 0;
			shellPath = /bin/sh;
			shellScript = "\"${SRCROOT}/Pods/Target Support Files/Pods-AuthTest/Pods-AuthTest-resources.sh\"\n";
			showEnvVarsInLog = 0;
		};
		2F7DFAB1D932CE1F39F79EC0 /* [CP] Embed Pods Frameworks */ = {
			isa = PBXShellScriptBuildPhase;
			buildActionMask = 2147483647;
			files = (
			);
			inputPaths = (
			);
			name = "[CP] Embed Pods Frameworks";
			outputPaths = (
			);
			runOnlyForDeploymentPostprocessing = 0;
			shellPath = /bin/sh;
			shellScript = "\"${SRCROOT}/Pods/Target Support Files/Pods-AuthTest/Pods-AuthTest-frameworks.sh\"\n";
			showEnvVarsInLog = 0;
		};
		860094EBD7F8579418742AD4 /* [CP] Check Pods Manifest.lock */ = {
			isa = PBXShellScriptBuildPhase;
			buildActionMask = 2147483647;
			files = (
			);
			inputPaths = (
			);
			name = "[CP] Check Pods Manifest.lock";
			outputPaths = (
			);
			runOnlyForDeploymentPostprocessing = 0;
			shellPath = /bin/sh;
			shellScript = "diff \"${PODS_ROOT}/../Podfile.lock\" \"${PODS_ROOT}/Manifest.lock\" > /dev/null\nif [ $? != 0 ] ; then\n    # print error to STDERR\n    echo \"error: The sandbox is not in sync with the Podfile.lock. Run 'pod install' or update your CocoaPods installation.\" >&2\n    exit 1\nfi\n";
			showEnvVarsInLog = 0;
		};
		9755F6D19714072A247C51B8 /* [CP] Copy Pods Resources */ = {
			isa = PBXShellScriptBuildPhase;
			buildActionMask = 2147483647;
			files = (
			);
			inputPaths = (
			);
			name = "[CP] Copy Pods Resources";
			outputPaths = (
			);
			runOnlyForDeploymentPostprocessing = 0;
			shellPath = /bin/sh;
			shellScript = "\"${SRCROOT}/Pods/Target Support Files/Pods-AuthTestTests/Pods-AuthTestTests-resources.sh\"\n";
			showEnvVarsInLog = 0;
		};
		9D1873D703A114F3326F7F63 /* [CP] Check Pods Manifest.lock */ = {
			isa = PBXShellScriptBuildPhase;
			buildActionMask = 2147483647;
			files = (
			);
			inputPaths = (
			);
			name = "[CP] Check Pods Manifest.lock";
			outputPaths = (
			);
			runOnlyForDeploymentPostprocessing = 0;
			shellPath = /bin/sh;
			shellScript = "diff \"${PODS_ROOT}/../Podfile.lock\" \"${PODS_ROOT}/Manifest.lock\" > /dev/null\nif [ $? != 0 ] ; then\n    # print error to STDERR\n    echo \"error: The sandbox is not in sync with the Podfile.lock. Run 'pod install' or update your CocoaPods installation.\" >&2\n    exit 1\nfi\n";
			showEnvVarsInLog = 0;
		};
		DCA77476FA8FF054F4ACE41C /* [CP] Embed Pods Frameworks */ = {
			isa = PBXShellScriptBuildPhase;
			buildActionMask = 2147483647;
			files = (
			);
			inputPaths = (
			);
			name = "[CP] Embed Pods Frameworks";
			outputPaths = (
			);
			runOnlyForDeploymentPostprocessing = 0;
			shellPath = /bin/sh;
			shellScript = "\"${SRCROOT}/Pods/Target Support Files/Pods-AuthTestTests/Pods-AuthTestTests-frameworks.sh\"\n";
			showEnvVarsInLog = 0;
		};
/* End PBXShellScriptBuildPhase section */

/* Begin PBXSourcesBuildPhase section */
		202FA48E1E9D09CB00CC6523 /* Sources */ = {
			isa = PBXSourcesBuildPhase;
			buildActionMask = 2147483647;
			files = (
				202FA4B71E9D0CA600CC6523 /* AlertShowable.swift in Sources */,
				202FA4C11E9D2C7400CC6523 /* MemberListViewController.swift in Sources */,
				2093B4ED1E9D352E0023246B /* UIViewControllerSideMenu.swift in Sources */,
				202FA4BE1E9D1E5500CC6523 /* NetworkError.swift in Sources */,
				202E57791E9E4F9F0060DD4F /* MemberCreateViewController.swift in Sources */,
				202FA4BA1E9D0EF200CC6523 /* SessionModel.swift in Sources */,
				202E577D1E9E866B0060DD4F /* UserData.swift in Sources */,
				202FA4BC1E9D176000CC6523 /* NetworkRequestable.swift in Sources */,
				202FA4961E9D09CC00CC6523 /* AppDelegate.swift in Sources */,
				2093B4F01E9D35AA0023246B /* SideMenuViewController.swift in Sources */,
				202FA4C41E9D2F8400CC6523 /* Member.swift in Sources */,
				2093B4F41E9D3A8B0023246B /* LoginViewController.swift in Sources */,
				202E577F1E9E86DE0060DD4F /* UserDefaultsExtension.swift in Sources */,
			);
			runOnlyForDeploymentPostprocessing = 0;
		};
		202FA4A21E9D09CC00CC6523 /* Sources */ = {
			isa = PBXSourcesBuildPhase;
			buildActionMask = 2147483647;
			files = (
				202FA4AB1E9D09CC00CC6523 /* AuthTestTests.swift in Sources */,
			);
			runOnlyForDeploymentPostprocessing = 0;
		};
/* End PBXSourcesBuildPhase section */

/* Begin PBXTargetDependency section */
		202FA4A81E9D09CC00CC6523 /* PBXTargetDependency */ = {
			isa = PBXTargetDependency;
			target = 202FA4911E9D09CB00CC6523 /* AuthTest */;
			targetProxy = 202FA4A71E9D09CC00CC6523 /* PBXContainerItemProxy */;
		};
/* End PBXTargetDependency section */

/* Begin PBXVariantGroup section */
		202FA49E1E9D09CC00CC6523 /* LaunchScreen.storyboard */ = {
			isa = PBXVariantGroup;
			children = (
				202FA49F1E9D09CC00CC6523 /* Base */,
			);
			name = LaunchScreen.storyboard;
			sourceTree = "<group>";
		};
/* End PBXVariantGroup section */

/* Begin XCBuildConfiguration section */
		202FA4AD1E9D09CC00CC6523 /* Debug */ = {
			isa = XCBuildConfiguration;
			buildSettings = {
				ALWAYS_SEARCH_USER_PATHS = NO;
				CLANG_ANALYZER_NONNULL = YES;
				CLANG_CXX_LANGUAGE_STANDARD = "gnu++0x";
				CLANG_CXX_LIBRARY = "libc++";
				CLANG_ENABLE_MODULES = YES;
				CLANG_ENABLE_OBJC_ARC = YES;
				CLANG_WARN_BOOL_CONVERSION = YES;
				CLANG_WARN_CONSTANT_CONVERSION = YES;
				CLANG_WARN_DIRECT_OBJC_ISA_USAGE = YES_ERROR;
				CLANG_WARN_DOCUMENTATION_COMMENTS = YES;
				CLANG_WARN_EMPTY_BODY = YES;
				CLANG_WARN_ENUM_CONVERSION = YES;
				CLANG_WARN_INFINITE_RECURSION = YES;
				CLANG_WARN_INT_CONVERSION = YES;
				CLANG_WARN_OBJC_ROOT_CLASS = YES_ERROR;
				CLANG_WARN_SUSPICIOUS_MOVE = YES;
				CLANG_WARN_UNREACHABLE_CODE = YES;
				CLANG_WARN__DUPLICATE_METHOD_MATCH = YES;
				"CODE_SIGN_IDENTITY[sdk=iphoneos*]" = "iPhone Developer";
				COPY_PHASE_STRIP = NO;
				DEBUG_INFORMATION_FORMAT = dwarf;
				ENABLE_STRICT_OBJC_MSGSEND = YES;
				ENABLE_TESTABILITY = YES;
				GCC_C_LANGUAGE_STANDARD = gnu99;
				GCC_DYNAMIC_NO_PIC = NO;
				GCC_NO_COMMON_BLOCKS = YES;
				GCC_OPTIMIZATION_LEVEL = 0;
				GCC_PREPROCESSOR_DEFINITIONS = (
					"DEBUG=1",
					"$(inherited)",
				);
				GCC_WARN_64_TO_32_BIT_CONVERSION = YES;
				GCC_WARN_ABOUT_RETURN_TYPE = YES_ERROR;
				GCC_WARN_UNDECLARED_SELECTOR = YES;
				GCC_WARN_UNINITIALIZED_AUTOS = YES_AGGRESSIVE;
				GCC_WARN_UNUSED_FUNCTION = YES;
				GCC_WARN_UNUSED_VARIABLE = YES;
				IPHONEOS_DEPLOYMENT_TARGET = 10.2;
				MTL_ENABLE_DEBUG_INFO = YES;
				ONLY_ACTIVE_ARCH = YES;
				SDKROOT = iphoneos;
				SWIFT_ACTIVE_COMPILATION_CONDITIONS = DEBUG;
				SWIFT_OPTIMIZATION_LEVEL = "-Onone";
			};
			name = Debug;
		};
		202FA4AE1E9D09CC00CC6523 /* Release */ = {
			isa = XCBuildConfiguration;
			buildSettings = {
				ALWAYS_SEARCH_USER_PATHS = NO;
				CLANG_ANALYZER_NONNULL = YES;
				CLANG_CXX_LANGUAGE_STANDARD = "gnu++0x";
				CLANG_CXX_LIBRARY = "libc++";
				CLANG_ENABLE_MODULES = YES;
				CLANG_ENABLE_OBJC_ARC = YES;
				CLANG_WARN_BOOL_CONVERSION = YES;
				CLANG_WARN_CONSTANT_CONVERSION = YES;
				CLANG_WARN_DIRECT_OBJC_ISA_USAGE = YES_ERROR;
				CLANG_WARN_DOCUMENTATION_COMMENTS = YES;
				CLANG_WARN_EMPTY_BODY = YES;
				CLANG_WARN_ENUM_CONVERSION = YES;
				CLANG_WARN_INFINITE_RECURSION = YES;
				CLANG_WARN_INT_CONVERSION = YES;
				CLANG_WARN_OBJC_ROOT_CLASS = YES_ERROR;
				CLANG_WARN_SUSPICIOUS_MOVE = YES;
				CLANG_WARN_UNREACHABLE_CODE = YES;
				CLANG_WARN__DUPLICATE_METHOD_MATCH = YES;
				"CODE_SIGN_IDENTITY[sdk=iphoneos*]" = "iPhone Developer";
				COPY_PHASE_STRIP = NO;
				DEBUG_INFORMATION_FORMAT = "dwarf-with-dsym";
				ENABLE_NS_ASSERTIONS = NO;
				ENABLE_STRICT_OBJC_MSGSEND = YES;
				GCC_C_LANGUAGE_STANDARD = gnu99;
				GCC_NO_COMMON_BLOCKS = YES;
				GCC_WARN_64_TO_32_BIT_CONVERSION = YES;
				GCC_WARN_ABOUT_RETURN_TYPE = YES_ERROR;
				GCC_WARN_UNDECLARED_SELECTOR = YES;
				GCC_WARN_UNINITIALIZED_AUTOS = YES_AGGRESSIVE;
				GCC_WARN_UNUSED_FUNCTION = YES;
				GCC_WARN_UNUSED_VARIABLE = YES;
				IPHONEOS_DEPLOYMENT_TARGET = 10.2;
				MTL_ENABLE_DEBUG_INFO = NO;
				SDKROOT = iphoneos;
				SWIFT_OPTIMIZATION_LEVEL = "-Owholemodule";
				VALIDATE_PRODUCT = YES;
			};
			name = Release;
		};
		202FA4B01E9D09CC00CC6523 /* Debug */ = {
			isa = XCBuildConfiguration;
			baseConfigurationReference = 6DD42162938564C95CA02798 /* Pods-AuthTest.debug.xcconfig */;
			buildSettings = {
				ASSETCATALOG_COMPILER_APPICON_NAME = AppIcon;
				INFOPLIST_FILE = AuthTest/Info.plist;
				LD_RUNPATH_SEARCH_PATHS = "$(inherited) @executable_path/Frameworks";
				PRODUCT_BUNDLE_IDENTIFIER = io.wane.AuthTest;
				PRODUCT_NAME = "$(TARGET_NAME)";
				SWIFT_VERSION = 3.0;
			};
			name = Debug;
		};
		202FA4B11E9D09CC00CC6523 /* Release */ = {
			isa = XCBuildConfiguration;
			baseConfigurationReference = 5F2267EB6D3B1C4E353E6B20 /* Pods-AuthTest.release.xcconfig */;
			buildSettings = {
				ASSETCATALOG_COMPILER_APPICON_NAME = AppIcon;
				INFOPLIST_FILE = AuthTest/Info.plist;
				LD_RUNPATH_SEARCH_PATHS = "$(inherited) @executable_path/Frameworks";
				PRODUCT_BUNDLE_IDENTIFIER = io.wane.AuthTest;
				PRODUCT_NAME = "$(TARGET_NAME)";
				SWIFT_VERSION = 3.0;
			};
			name = Release;
		};
		202FA4B31E9D09CC00CC6523 /* Debug */ = {
			isa = XCBuildConfiguration;
			baseConfigurationReference = 3C999FB5F30645D7B74DF91C /* Pods-AuthTestTests.debug.xcconfig */;
			buildSettings = {
				ALWAYS_EMBED_SWIFT_STANDARD_LIBRARIES = YES;
				BUNDLE_LOADER = "$(TEST_HOST)";
				INFOPLIST_FILE = AuthTestTests/Info.plist;
				LD_RUNPATH_SEARCH_PATHS = "$(inherited) @executable_path/Frameworks @loader_path/Frameworks";
				PRODUCT_BUNDLE_IDENTIFIER = io.wane.AuthTestTests;
				PRODUCT_NAME = "$(TARGET_NAME)";
				SWIFT_VERSION = 3.0;
				TEST_HOST = "$(BUILT_PRODUCTS_DIR)/AuthTest.app/AuthTest";
			};
			name = Debug;
		};
		202FA4B41E9D09CC00CC6523 /* Release */ = {
			isa = XCBuildConfiguration;
			baseConfigurationReference = 530CB7105D18149C90405546 /* Pods-AuthTestTests.release.xcconfig */;
			buildSettings = {
				ALWAYS_EMBED_SWIFT_STANDARD_LIBRARIES = YES;
				BUNDLE_LOADER = "$(TEST_HOST)";
				INFOPLIST_FILE = AuthTestTests/Info.plist;
				LD_RUNPATH_SEARCH_PATHS = "$(inherited) @executable_path/Frameworks @loader_path/Frameworks";
				PRODUCT_BUNDLE_IDENTIFIER = io.wane.AuthTestTests;
				PRODUCT_NAME = "$(TARGET_NAME)";
				SWIFT_VERSION = 3.0;
				TEST_HOST = "$(BUILT_PRODUCTS_DIR)/AuthTest.app/AuthTest";
			};
			name = Release;
		};
/* End XCBuildConfiguration section */

/* Begin XCConfigurationList section */
		202FA48D1E9D09CB00CC6523 /* Build configuration list for PBXProject "AuthTest" */ = {
			isa = XCConfigurationList;
			buildConfigurations = (
				202FA4AD1E9D09CC00CC6523 /* Debug */,
				202FA4AE1E9D09CC00CC6523 /* Release */,
			);
			defaultConfigurationIsVisible = 0;
			defaultConfigurationName = Release;
		};
		202FA4AF1E9D09CC00CC6523 /* Build configuration list for PBXNativeTarget "AuthTest" */ = {
			isa = XCConfigurationList;
			buildConfigurations = (
				202FA4B01E9D09CC00CC6523 /* Debug */,
				202FA4B11E9D09CC00CC6523 /* Release */,
			);
			defaultConfigurationIsVisible = 0;
			defaultConfigurationName = Release;
		};
		202FA4B21E9D09CC00CC6523 /* Build configuration list for PBXNativeTarget "AuthTestTests" */ = {
			isa = XCConfigurationList;
			buildConfigurations = (
				202FA4B31E9D09CC00CC6523 /* Debug */,
				202FA4B41E9D09CC00CC6523 /* Release */,
			);
			defaultConfigurationIsVisible = 0;
			defaultConfigurationName = Release;
		};
/* End XCConfigurationList section */
	};
	rootObject = 202FA48A1E9D09CB00CC6523 /* Project object */;
}
